
Microsoft Visual Studio Solution File, Format Version 12.00
# Visual Studio Version 17
VisualStudioVersion = 17.0.32014.148
MinimumVisualStudioVersion = 10.0.40219.1
Project("{FAE04EC0-301F-11D3-BF4B-00C04F79EFBC}") = "MyCSharp04", "MyCSharp04\MyCSharp04.csproj", "{2C3E37EB-3E43-4B13-B97D-A16F5EEBADD8}"
EndProject
Project("{FAE04EC0-301F-11D3-BF4B-00C04F79EFBC}") = "MyCSharp04_00_list", "MyCSharp04_00_list\MyCSharp04_00_list.csproj", "{3C441F4F-D4F0-4076-8272-8126AB4276A5}"
EndProject
Global
	GlobalSection(SolutionConfigurationPlatforms) = preSolution
		Debug|Any CPU = Debug|Any CPU
		Release|Any CPU = Release|Any CPU
	EndGlobalSection
	GlobalSection(ProjectConfigurationPlatforms) = postSolution
		{2C3E37EB-3E43-4B13-B97D-A16F5EEBADD8}.Debug|Any CPU.ActiveCfg = Debug|Any CPU
		{2C3E37EB-3E43-4B13-B97D-A16F5EEBADD8}.Debug|Any CPU.Build.0 = Debug|Any CPU
		{2C3E37EB-3E43-4B13-B97D-A16F5EEBADD8}.Release|Any CPU.ActiveCfg = Release|Any CPU
		{2C3E37EB-3E43-4B13-B97D-A16F5EEBADD8}.Release|Any CPU.Build.0 = Release|Any CPU
		{3C441F4F-D4F0-4076-8272-8126AB4276A5}.Debug|Any CPU.ActiveCfg = Debug|Any CPU
		{3C441F4F-D4F0-4076-8272-8126AB4276A5}.Debug|Any CPU.Build.0 = Debug|Any CPU
		{3C441F4F-D4F0-4076-8272-8126AB4276A5}.Release|Any CPU.ActiveCfg = Release|Any CPU
		{3C441F4F-D4F0-4076-8272-8126AB4276A5}.Release|Any CPU.Build.0 = Release|Any CPU
	EndGlobalSection
	GlobalSection(SolutionProperties) = preSolution
		HideSolutionNode = FALSE
	EndGlobalSection
	GlobalSection(ExtensibilityGlobals) = postSolution
		SolutionGuid = {C45C1D35-5B9B-41F5-9A1E-8E6DA0A39A60}
	EndGlobalSection
EndGlobal
